
Microsoft Visual Studio Solution File, Format Version 11.00
# Visual Studio 2010
Project("{FAE04EC0-301F-11D3-BF4B-00C04F79EFBC}") = "LeagueOfLegendsTrivia", "LeagueOfLegendsTrivia\LeagueOfLegendsTrivia.csproj", "{608A4FA1-C704-450F-8CF5-1BD858E31AA2}"
EndProject
Global
	GlobalSection(SolutionConfigurationPlatforms) = preSolution
		Debug|Any CPU = Debug|Any CPU
		Release|Any CPU = Release|Any CPU
	EndGlobalSection
	GlobalSection(ProjectConfigurationPlatforms) = postSolution
		{608A4FA1-C704-450F-8CF5-1BD858E31AA2}.Debug|Any CPU.ActiveCfg = Debug|Any CPU
		{608A4FA1-C704-450F-8CF5-1BD858E31AA2}.Debug|Any CPU.Build.0 = Debug|Any CPU
		{608A4FA1-C704-450F-8CF5-1BD858E31AA2}.Release|Any CPU.ActiveCfg = Release|Any CPU
		{608A4FA1-C704-450F-8CF5-1BD858E31AA2}.Release|Any CPU.Build.0 = Release|Any CPU
	EndGlobalSection
	GlobalSection(SolutionProperties) = preSolution
		HideSolutionNode = FALSE
	EndGlobalSection
EndGlobal
